// !$*UTF8*$!
{
	archiveVersion = 1;
	classes = {
	};
	objectVersion = 51;
	objects = {

/* Begin PBXBuildFile section */
		55B41FD2E81F5245958EE130 /* libPods-flashE.a in Frameworks */ = {isa = PBXBuildFile; fileRef = CD85DD360E682DB69B0B9700 /* libPods-flashE.a */; };
		8B367C02272A381700B5C1AC /* AppDelegate.m in Sources */ = {isa = PBXBuildFile; fileRef = 8B367C01272A381700B5C1AC /* AppDelegate.m */; };
		8B367C05272A381800B5C1AC /* SceneDelegate.m in Sources */ = {isa = PBXBuildFile; fileRef = 8B367C04272A381800B5C1AC /* SceneDelegate.m */; };
		8B367C0D272A381900B5C1AC /* Assets.xcassets in Resources */ = {isa = PBXBuildFile; fileRef = 8B367C0C272A381900B5C1AC /* Assets.xcassets */; };
		8B367C10272A381900B5C1AC /* LaunchScreen.storyboard in Resources */ = {isa = PBXBuildFile; fileRef = 8B367C0E272A381900B5C1AC /* LaunchScreen.storyboard */; };
		8B367C13272A381A00B5C1AC /* main.m in Sources */ = {isa = PBXBuildFile; fileRef = 8B367C12272A381A00B5C1AC /* main.m */; };
		8B36882A27343B7E00B5C1AC /* UIButton+BackgroundColor.m in Sources */ = {isa = PBXBuildFile; fileRef = 8B36881727343B7E00B5C1AC /* UIButton+BackgroundColor.m */; };
		8B36882B27343B7E00B5C1AC /* UIButton+FEImage.m in Sources */ = {isa = PBXBuildFile; fileRef = 8B36881B27343B7E00B5C1AC /* UIButton+FEImage.m */; };
		8B36882C27343B7E00B5C1AC /* UIButton+Frequentclicks.m in Sources */ = {isa = PBXBuildFile; fileRef = 8B36881C27343B7E00B5C1AC /* UIButton+Frequentclicks.m */; };
		8B36882D27343B7E00B5C1AC /* UIButton+EnlargeTouchArea.m in Sources */ = {isa = PBXBuildFile; fileRef = 8B36881F27343B7E00B5C1AC /* UIButton+EnlargeTouchArea.m */; };
		8B36882F27343B7E00B5C1AC /* FEBaseViewController.m in Sources */ = {isa = PBXBuildFile; fileRef = 8B36882127343B7E00B5C1AC /* FEBaseViewController.m */; };
		8B36883027343B7E00B5C1AC /* OpenUDID.m in Sources */ = {isa = PBXBuildFile; fileRef = 8B36882327343B7E00B5C1AC /* OpenUDID.m */; settings = {COMPILER_FLAGS = "-fno-objc-arc"; }; };
		8B36883127343B7E00B5C1AC /* FEPublicMethods.m in Sources */ = {isa = PBXBuildFile; fileRef = 8B36882727343B7E00B5C1AC /* FEPublicMethods.m */; };
		8B36883827343C0E00B5C1AC /* FEHomeVC.m in Sources */ = {isa = PBXBuildFile; fileRef = 8B36883627343C0E00B5C1AC /* FEHomeVC.m */; };
		8B36883F2738C06E00B5C1AC /* FEHttpManager.m in Sources */ = {isa = PBXBuildFile; fileRef = 8B36883E2738C06E00B5C1AC /* FEHttpManager.m */; };
		8B368A93273957CC00B5C1AC /* Base64Util.m in Sources */ = {isa = PBXBuildFile; fileRef = 8B368A8F273957CC00B5C1AC /* Base64Util.m */; };
		8B368A94273957CC00B5C1AC /* MD5Encryption.m in Sources */ = {isa = PBXBuildFile; fileRef = 8B368A91273957CC00B5C1AC /* MD5Encryption.m */; };
		8B368A95273957CC00B5C1AC /* GTMBase64.m in Sources */ = {isa = PBXBuildFile; fileRef = 8B368A92273957CC00B5C1AC /* GTMBase64.m */; };
		8B368AA127396CFD00B5C1AC /* FEAccountManager.m in Sources */ = {isa = PBXBuildFile; fileRef = 8B368A9D27396CFD00B5C1AC /* FEAccountManager.m */; };
		8B368AA227396CFD00B5C1AC /* FEAddressModel.m in Sources */ = {isa = PBXBuildFile; fileRef = 8B368A9E27396CFD00B5C1AC /* FEAddressModel.m */; };
		8B368AD0273A16DE00B5C1AC /* FEAESCrypt.m in Sources */ = {isa = PBXBuildFile; fileRef = 8B368ACE273A16DE00B5C1AC /* FEAESCrypt.m */; };
		8B368AE6273A182800B5C1AC /* NSData+FECommonCrypto.m in Sources */ = {isa = PBXBuildFile; fileRef = 8B368AE3273A182800B5C1AC /* NSData+FECommonCrypto.m */; };
		8B368AE7273A182800B5C1AC /* NSData+FEBase64.m in Sources */ = {isa = PBXBuildFile; fileRef = 8B368AE4273A182800B5C1AC /* NSData+FEBase64.m */; };
		8B368AED273A1F2500B5C1AC /* FEDefineModule.m in Sources */ = {isa = PBXBuildFile; fileRef = 8B368AEB273A1F2500B5C1AC /* FEDefineModule.m */; };
		8B368AEE273A1F2500B5C1AC /* definePlist.plist in Resources */ = {isa = PBXBuildFile; fileRef = 8B368AEC273A1F2500B5C1AC /* definePlist.plist */; };
		8B368AF3273A21F300B5C1AC /* NSString+Extend.m in Sources */ = {isa = PBXBuildFile; fileRef = 8B368AF2273A21F300B5C1AC /* NSString+Extend.m */; };
		8B368AFE273A275000B5C1AC /* FELoginVC.m in Sources */ = {isa = PBXBuildFile; fileRef = 8B368AFC273A275000B5C1AC /* FELoginVC.m */; };
		8B368AFF273A275000B5C1AC /* FELoginVC.xib in Resources */ = {isa = PBXBuildFile; fileRef = 8B368AFD273A275000B5C1AC /* FELoginVC.xib */; };
		8B368B06273A565400B5C1AC /* RegexKitLite.m in Sources */ = {isa = PBXBuildFile; fileRef = 8B368B05273A565400B5C1AC /* RegexKitLite.m */; settings = {COMPILER_FLAGS = "-fno-objc-arc"; }; };
		8B368B16273A62C500B5C1AC /* UIView+Extend.m in Sources */ = {isa = PBXBuildFile; fileRef = 8B368B10273A62C400B5C1AC /* UIView+Extend.m */; };
		8B368B17273A62C500B5C1AC /* UIView+Inspectable.m in Sources */ = {isa = PBXBuildFile; fileRef = 8B368B12273A62C400B5C1AC /* UIView+Inspectable.m */; };
		8B368B33273AB46C00B5C1AC /* FELineLabel.m in Sources */ = {isa = PBXBuildFile; fileRef = 8B368B2B273AB46B00B5C1AC /* FELineLabel.m */; };
		8B368B34273AB46C00B5C1AC /* FECanCopyLabel.m in Sources */ = {isa = PBXBuildFile; fileRef = 8B368B2D273AB46B00B5C1AC /* FECanCopyLabel.m */; };
		8B368B35273AB46C00B5C1AC /* FEVerticalAlignmentLabel.m in Sources */ = {isa = PBXBuildFile; fileRef = 8B368B30273AB46B00B5C1AC /* FEVerticalAlignmentLabel.m */; };
		8B368B36273AB46C00B5C1AC /* UILabel+AttributedString.m in Sources */ = {isa = PBXBuildFile; fileRef = 8B368B32273AB46B00B5C1AC /* UILabel+AttributedString.m */; };
		8B368B7D273ABA4100B5C1AC /* MBProgressHUD+Extend.m in Sources */ = {isa = PBXBuildFile; fileRef = 8B368B6F273ABA4100B5C1AC /* MBProgressHUD+Extend.m */; };
		8B368B7E273ABA4100B5C1AC /* UIImage+WHToast.m in Sources */ = {isa = PBXBuildFile; fileRef = 8B368B73273ABA4100B5C1AC /* UIImage+WHToast.m */; };
		8B368B7F273ABA4100B5C1AC /* WHToastConfig.m in Sources */ = {isa = PBXBuildFile; fileRef = 8B368B75273ABA4100B5C1AC /* WHToastConfig.m */; };
		8B368B80273ABA4100B5C1AC /* WHToastView.m in Sources */ = {isa = PBXBuildFile; fileRef = 8B368B76273ABA4100B5C1AC /* WHToastView.m */; };
		8B368B81273ABA4100B5C1AC /* WHToast.m in Sources */ = {isa = PBXBuildFile; fileRef = 8B368B77273ABA4100B5C1AC /* WHToast.m */; };
		8B368B82273ABA4100B5C1AC /* FEAlertSubView.m in Sources */ = {isa = PBXBuildFile; fileRef = 8B368B79273ABA4100B5C1AC /* FEAlertSubView.m */; };
		8B368B83273ABA4100B5C1AC /* FEAlertView.m in Sources */ = {isa = PBXBuildFile; fileRef = 8B368B7C273ABA4100B5C1AC /* FEAlertView.m */; };
		8B368BA3273AC8AE00B5C1AC /* NSString+FESize.m in Sources */ = {isa = PBXBuildFile; fileRef = 8B368BA2273AC8AE00B5C1AC /* NSString+FESize.m */; };
		8B368BD8273B9BDB00B5C1AC /* FEAccountModel.m in Sources */ = {isa = PBXBuildFile; fileRef = 8B368BD6273B9BDB00B5C1AC /* FEAccountModel.m */; };
		8B368BFF273CBA2700B5C1AC /* FEWalletVC.m in Sources */ = {isa = PBXBuildFile; fileRef = 8B368BFD273CBA2700B5C1AC /* FEWalletVC.m */; };
		8B368C00273CBA2700B5C1AC /* FEWalletVC.xib in Resources */ = {isa = PBXBuildFile; fileRef = 8B368BFE273CBA2700B5C1AC /* FEWalletVC.xib */; };
		8B368D82273D4C1A00B5C1AC /* menuViewContorller.xib in Resources */ = {isa = PBXBuildFile; fileRef = 8B368D7F273D4C1A00B5C1AC /* menuViewContorller.xib */; };
		8B368D83273D4C1A00B5C1AC /* menuViewContorller.m in Sources */ = {isa = PBXBuildFile; fileRef = 8B368D81273D4C1A00B5C1AC /* menuViewContorller.m */; };
/* End PBXBuildFile section */

/* Begin PBXFileReference section */
		3764F63A7918ABDD87407AC6 /* Pods-flashE.debug.xcconfig */ = {isa = PBXFileReference; includeInIndex = 1; lastKnownFileType = text.xcconfig; name = "Pods-flashE.debug.xcconfig"; path = "Target Support Files/Pods-flashE/Pods-flashE.debug.xcconfig"; sourceTree = "<group>"; };
		3980E3366D4CA0BE6B79779D /* Pods-flashE.release.xcconfig */ = {isa = PBXFileReference; includeInIndex = 1; lastKnownFileType = text.xcconfig; name = "Pods-flashE.release.xcconfig"; path = "Target Support Files/Pods-flashE/Pods-flashE.release.xcconfig"; sourceTree = "<group>"; };
		8B367BFD272A381700B5C1AC /* flashE.app */ = {isa = PBXFileReference; explicitFileType = wrapper.application; includeInIndex = 0; path = flashE.app; sourceTree = BUILT_PRODUCTS_DIR; };
		8B367C00272A381700B5C1AC /* AppDelegate.h */ = {isa = PBXFileReference; lastKnownFileType = sourcecode.c.h; path = AppDelegate.h; sourceTree = "<group>"; };
		8B367C01272A381700B5C1AC /* AppDelegate.m */ = {isa = PBXFileReference; lastKnownFileType = sourcecode.c.objc; path = AppDelegate.m; sourceTree = "<group>"; };
		8B367C03272A381700B5C1AC /* SceneDelegate.h */ = {isa = PBXFileReference; lastKnownFileType = sourcecode.c.h; path = SceneDelegate.h; sourceTree = "<group>"; };
		8B367C04272A381800B5C1AC /* SceneDelegate.m */ = {isa = PBXFileReference; lastKnownFileType = sourcecode.c.objc; path = SceneDelegate.m; sourceTree = "<group>"; };
		8B367C0C272A381900B5C1AC /* Assets.xcassets */ = {isa = PBXFileReference; lastKnownFileType = folder.assetcatalog; path = Assets.xcassets; sourceTree = "<group>"; };
		8B367C0F272A381900B5C1AC /* Base */ = {isa = PBXFileReference; lastKnownFileType = file.storyboard; name = Base; path = Base.lproj/LaunchScreen.storyboard; sourceTree = "<group>"; };
		8B367C11272A381900B5C1AC /* Info.plist */ = {isa = PBXFileReference; lastKnownFileType = text.plist.xml; path = Info.plist; sourceTree = "<group>"; };
		8B367C12272A381A00B5C1AC /* main.m */ = {isa = PBXFileReference; lastKnownFileType = sourcecode.c.objc; path = main.m; sourceTree = "<group>"; };
		8B36881727343B7E00B5C1AC /* UIButton+BackgroundColor.m */ = {isa = PBXFileReference; fileEncoding = 4; lastKnownFileType = sourcecode.c.objc; path = "UIButton+BackgroundColor.m"; sourceTree = "<group>"; };
		8B36881827343B7E00B5C1AC /* UIButton+Frequentclicks.h */ = {isa = PBXFileReference; fileEncoding = 4; lastKnownFileType = sourcecode.c.h; path = "UIButton+Frequentclicks.h"; sourceTree = "<group>"; };
		8B36881927343B7E00B5C1AC /* UIButton+EnlargeTouchArea.h */ = {isa = PBXFileReference; fileEncoding = 4; lastKnownFileType = sourcecode.c.h; path = "UIButton+EnlargeTouchArea.h"; sourceTree = "<group>"; };
		8B36881A27343B7E00B5C1AC /* UIButtonModule-umbrella.h */ = {isa = PBXFileReference; fileEncoding = 4; lastKnownFileType = sourcecode.c.h; path = "UIButtonModule-umbrella.h"; sourceTree = "<group>"; };
		8B36881B27343B7E00B5C1AC /* UIButton+FEImage.m */ = {isa = PBXFileReference; fileEncoding = 4; lastKnownFileType = sourcecode.c.objc; path = "UIButton+FEImage.m"; sourceTree = "<group>"; };
		8B36881C27343B7E00B5C1AC /* UIButton+Frequentclicks.m */ = {isa = PBXFileReference; fileEncoding = 4; lastKnownFileType = sourcecode.c.objc; path = "UIButton+Frequentclicks.m"; sourceTree = "<group>"; };
		8B36881D27343B7E00B5C1AC /* UIButton+BackgroundColor.h */ = {isa = PBXFileReference; fileEncoding = 4; lastKnownFileType = sourcecode.c.h; path = "UIButton+BackgroundColor.h"; sourceTree = "<group>"; };
		8B36881E27343B7E00B5C1AC /* UIButton+FEImage.h */ = {isa = PBXFileReference; fileEncoding = 4; lastKnownFileType = sourcecode.c.h; path = "UIButton+FEImage.h"; sourceTree = "<group>"; };
		8B36881F27343B7E00B5C1AC /* UIButton+EnlargeTouchArea.m */ = {isa = PBXFileReference; fileEncoding = 4; lastKnownFileType = sourcecode.c.objc; path = "UIButton+EnlargeTouchArea.m"; sourceTree = "<group>"; };
		8B36882127343B7E00B5C1AC /* FEBaseViewController.m */ = {isa = PBXFileReference; fileEncoding = 4; lastKnownFileType = sourcecode.c.objc; path = FEBaseViewController.m; sourceTree = "<group>"; };
		8B36882327343B7E00B5C1AC /* OpenUDID.m */ = {isa = PBXFileReference; fileEncoding = 4; lastKnownFileType = sourcecode.c.objc; path = OpenUDID.m; sourceTree = "<group>"; };
		8B36882427343B7E00B5C1AC /* FEPublicMethods.h */ = {isa = PBXFileReference; fileEncoding = 4; lastKnownFileType = sourcecode.c.h; path = FEPublicMethods.h; sourceTree = "<group>"; };
		8B36882627343B7E00B5C1AC /* defines.h */ = {isa = PBXFileReference; fileEncoding = 4; lastKnownFileType = sourcecode.c.h; path = defines.h; sourceTree = "<group>"; };
		8B36882727343B7E00B5C1AC /* FEPublicMethods.m */ = {isa = PBXFileReference; fileEncoding = 4; lastKnownFileType = sourcecode.c.objc; path = FEPublicMethods.m; sourceTree = "<group>"; };
		8B36882827343B7E00B5C1AC /* OpenUDID.h */ = {isa = PBXFileReference; fileEncoding = 4; lastKnownFileType = sourcecode.c.h; path = OpenUDID.h; sourceTree = "<group>"; };
		8B36882927343B7E00B5C1AC /* FEBaseViewController.h */ = {isa = PBXFileReference; fileEncoding = 4; lastKnownFileType = sourcecode.c.h; path = FEBaseViewController.h; sourceTree = "<group>"; };
		8B36883527343C0E00B5C1AC /* FEHomeVC.h */ = {isa = PBXFileReference; lastKnownFileType = sourcecode.c.h; path = FEHomeVC.h; sourceTree = "<group>"; };
		8B36883627343C0E00B5C1AC /* FEHomeVC.m */ = {isa = PBXFileReference; lastKnownFileType = sourcecode.c.objc; path = FEHomeVC.m; sourceTree = "<group>"; };
		8B36883D2738C06E00B5C1AC /* FEHttpManager.h */ = {isa = PBXFileReference; lastKnownFileType = sourcecode.c.h; path = FEHttpManager.h; sourceTree = "<group>"; };
		8B36883E2738C06E00B5C1AC /* FEHttpManager.m */ = {isa = PBXFileReference; lastKnownFileType = sourcecode.c.objc; path = FEHttpManager.m; sourceTree = "<group>"; };
		8B368A8C273957CC00B5C1AC /* Base64Util.h */ = {isa = PBXFileReference; fileEncoding = 4; lastKnownFileType = sourcecode.c.h; path = Base64Util.h; sourceTree = "<group>"; };
		8B368A8D273957CC00B5C1AC /* GTMBase64.h */ = {isa = PBXFileReference; fileEncoding = 4; lastKnownFileType = sourcecode.c.h; path = GTMBase64.h; sourceTree = "<group>"; };
		8B368A8E273957CC00B5C1AC /* MD5Encryption.h */ = {isa = PBXFileReference; fileEncoding = 4; lastKnownFileType = sourcecode.c.h; path = MD5Encryption.h; sourceTree = "<group>"; };
		8B368A8F273957CC00B5C1AC /* Base64Util.m */ = {isa = PBXFileReference; fileEncoding = 4; lastKnownFileType = sourcecode.c.objc; path = Base64Util.m; sourceTree = "<group>"; };
		8B368A90273957CC00B5C1AC /* GTMDefines.h */ = {isa = PBXFileReference; fileEncoding = 4; lastKnownFileType = sourcecode.c.h; path = GTMDefines.h; sourceTree = "<group>"; };
		8B368A91273957CC00B5C1AC /* MD5Encryption.m */ = {isa = PBXFileReference; fileEncoding = 4; lastKnownFileType = sourcecode.c.objc; path = MD5Encryption.m; sourceTree = "<group>"; };
		8B368A92273957CC00B5C1AC /* GTMBase64.m */ = {isa = PBXFileReference; fileEncoding = 4; lastKnownFileType = sourcecode.c.objc; path = GTMBase64.m; sourceTree = "<group>"; };
		8B368A9B27396CFD00B5C1AC /* FEAccountManager.h */ = {isa = PBXFileReference; fileEncoding = 4; lastKnownFileType = sourcecode.c.h; path = FEAccountManager.h; sourceTree = "<group>"; };
		8B368A9D27396CFD00B5C1AC /* FEAccountManager.m */ = {isa = PBXFileReference; fileEncoding = 4; lastKnownFileType = sourcecode.c.objc; path = FEAccountManager.m; sourceTree = "<group>"; };
		8B368A9E27396CFD00B5C1AC /* FEAddressModel.m */ = {isa = PBXFileReference; fileEncoding = 4; lastKnownFileType = sourcecode.c.objc; path = FEAddressModel.m; sourceTree = "<group>"; };
		8B368AA027396CFD00B5C1AC /* FEAddressModel.h */ = {isa = PBXFileReference; fileEncoding = 4; lastKnownFileType = sourcecode.c.h; path = FEAddressModel.h; sourceTree = "<group>"; };
		8B368ACE273A16DE00B5C1AC /* FEAESCrypt.m */ = {isa = PBXFileReference; fileEncoding = 4; lastKnownFileType = sourcecode.c.objc; path = FEAESCrypt.m; sourceTree = "<group>"; };
		8B368ACF273A16DE00B5C1AC /* FEAESCrypt.h */ = {isa = PBXFileReference; fileEncoding = 4; lastKnownFileType = sourcecode.c.h; path = FEAESCrypt.h; sourceTree = "<group>"; };
		8B368AE2273A182800B5C1AC /* NSData+FEBase64.h */ = {isa = PBXFileReference; fileEncoding = 4; lastKnownFileType = sourcecode.c.h; path = "NSData+FEBase64.h"; sourceTree = "<group>"; };
		8B368AE3273A182800B5C1AC /* NSData+FECommonCrypto.m */ = {isa = PBXFileReference; fileEncoding = 4; lastKnownFileType = sourcecode.c.objc; path = "NSData+FECommonCrypto.m"; sourceTree = "<group>"; };
		8B368AE4273A182800B5C1AC /* NSData+FEBase64.m */ = {isa = PBXFileReference; fileEncoding = 4; lastKnownFileType = sourcecode.c.objc; path = "NSData+FEBase64.m"; sourceTree = "<group>"; };
		8B368AE5273A182800B5C1AC /* NSData+FECommonCrypto.h */ = {isa = PBXFileReference; fileEncoding = 4; lastKnownFileType = sourcecode.c.h; path = "NSData+FECommonCrypto.h"; sourceTree = "<group>"; };
		8B368AEA273A1F2500B5C1AC /* FEDefineModule.h */ = {isa = PBXFileReference; fileEncoding = 4; lastKnownFileType = sourcecode.c.h; path = FEDefineModule.h; sourceTree = "<group>"; };
		8B368AEB273A1F2500B5C1AC /* FEDefineModule.m */ = {isa = PBXFileReference; fileEncoding = 4; lastKnownFileType = sourcecode.c.objc; path = FEDefineModule.m; sourceTree = "<group>"; };
		8B368AEC273A1F2500B5C1AC /* definePlist.plist */ = {isa = PBXFileReference; fileEncoding = 4; lastKnownFileType = text.plist.xml; path = definePlist.plist; sourceTree = "<group>"; };
		8B368AF1273A21F300B5C1AC /* NSString+Extend.h */ = {isa = PBXFileReference; fileEncoding = 4; lastKnownFileType = sourcecode.c.h; path = "NSString+Extend.h"; sourceTree = "<group>"; };
		8B368AF2273A21F300B5C1AC /* NSString+Extend.m */ = {isa = PBXFileReference; fileEncoding = 4; lastKnownFileType = sourcecode.c.objc; path = "NSString+Extend.m"; sourceTree = "<group>"; };
		8B368AF5273A261100B5C1AC /* NSString-umbrella.h */ = {isa = PBXFileReference; lastKnownFileType = sourcecode.c.h; path = "NSString-umbrella.h"; sourceTree = "<group>"; };
		8B368AFB273A275000B5C1AC /* FELoginVC.h */ = {isa = PBXFileReference; lastKnownFileType = sourcecode.c.h; path = FELoginVC.h; sourceTree = "<group>"; };
		8B368AFC273A275000B5C1AC /* FELoginVC.m */ = {isa = PBXFileReference; lastKnownFileType = sourcecode.c.objc; path = FELoginVC.m; sourceTree = "<group>"; };
		8B368AFD273A275000B5C1AC /* FELoginVC.xib */ = {isa = PBXFileReference; lastKnownFileType = file.xib; path = FELoginVC.xib; sourceTree = "<group>"; };
		8B368B04273A565400B5C1AC /* RegexKitLite.h */ = {isa = PBXFileReference; fileEncoding = 4; lastKnownFileType = sourcecode.c.h; path = RegexKitLite.h; sourceTree = "<group>"; };
		8B368B05273A565400B5C1AC /* RegexKitLite.m */ = {isa = PBXFileReference; fileEncoding = 4; lastKnownFileType = sourcecode.c.objc; path = RegexKitLite.m; sourceTree = "<group>"; };
		8B368B10273A62C400B5C1AC /* UIView+Extend.m */ = {isa = PBXFileReference; fileEncoding = 4; lastKnownFileType = sourcecode.c.objc; path = "UIView+Extend.m"; sourceTree = "<group>"; };
		8B368B11273A62C400B5C1AC /* UIView+Extend.h */ = {isa = PBXFileReference; fileEncoding = 4; lastKnownFileType = sourcecode.c.h; path = "UIView+Extend.h"; sourceTree = "<group>"; };
		8B368B12273A62C400B5C1AC /* UIView+Inspectable.m */ = {isa = PBXFileReference; fileEncoding = 4; lastKnownFileType = sourcecode.c.objc; path = "UIView+Inspectable.m"; sourceTree = "<group>"; };
		8B368B14273A62C500B5C1AC /* FEUIView-umbrella.h */ = {isa = PBXFileReference; fileEncoding = 4; lastKnownFileType = sourcecode.c.h; path = "FEUIView-umbrella.h"; sourceTree = "<group>"; };
		8B368B15273A62C500B5C1AC /* UIView+Inspectable.h */ = {isa = PBXFileReference; fileEncoding = 4; lastKnownFileType = sourcecode.c.h; path = "UIView+Inspectable.h"; sourceTree = "<group>"; };
		8B368B2B273AB46B00B5C1AC /* FELineLabel.m */ = {isa = PBXFileReference; fileEncoding = 4; lastKnownFileType = sourcecode.c.objc; path = FELineLabel.m; sourceTree = "<group>"; };
		8B368B2C273AB46B00B5C1AC /* FEVerticalAlignmentLabel.h */ = {isa = PBXFileReference; fileEncoding = 4; lastKnownFileType = sourcecode.c.h; path = FEVerticalAlignmentLabel.h; sourceTree = "<group>"; };
		8B368B2D273AB46B00B5C1AC /* FECanCopyLabel.m */ = {isa = PBXFileReference; fileEncoding = 4; lastKnownFileType = sourcecode.c.objc; path = FECanCopyLabel.m; sourceTree = "<group>"; };
		8B368B2E273AB46B00B5C1AC /* UILabel+AttributedString.h */ = {isa = PBXFileReference; fileEncoding = 4; lastKnownFileType = sourcecode.c.h; path = "UILabel+AttributedString.h"; sourceTree = "<group>"; };
		8B368B2F273AB46B00B5C1AC /* FECanCopyLabel.h */ = {isa = PBXFileReference; fileEncoding = 4; lastKnownFileType = sourcecode.c.h; path = FECanCopyLabel.h; sourceTree = "<group>"; };
		8B368B30273AB46B00B5C1AC /* FEVerticalAlignmentLabel.m */ = {isa = PBXFileReference; fileEncoding = 4; lastKnownFileType = sourcecode.c.objc; path = FEVerticalAlignmentLabel.m; sourceTree = "<group>"; };
		8B368B31273AB46B00B5C1AC /* FELineLabel.h */ = {isa = PBXFileReference; fileEncoding = 4; lastKnownFileType = sourcecode.c.h; path = FELineLabel.h; sourceTree = "<group>"; };
		8B368B32273AB46B00B5C1AC /* UILabel+AttributedString.m */ = {isa = PBXFileReference; fileEncoding = 4; lastKnownFileType = sourcecode.c.objc; path = "UILabel+AttributedString.m"; sourceTree = "<group>"; };
		8B368B6E273ABA4100B5C1AC /* UIImage+WHToast.h */ = {isa = PBXFileReference; fileEncoding = 4; lastKnownFileType = sourcecode.c.h; path = "UIImage+WHToast.h"; sourceTree = "<group>"; };
		8B368B6F273ABA4100B5C1AC /* MBProgressHUD+Extend.m */ = {isa = PBXFileReference; fileEncoding = 4; lastKnownFileType = sourcecode.c.objc; path = "MBProgressHUD+Extend.m"; sourceTree = "<group>"; };
		8B368B70273ABA4100B5C1AC /* WHToastView.h */ = {isa = PBXFileReference; fileEncoding = 4; lastKnownFileType = sourcecode.c.h; path = WHToastView.h; sourceTree = "<group>"; };
		8B368B71273ABA4100B5C1AC /* WHToastConfig.h */ = {isa = PBXFileReference; fileEncoding = 4; lastKnownFileType = sourcecode.c.h; path = WHToastConfig.h; sourceTree = "<group>"; };
		8B368B72273ABA4100B5C1AC /* WHToast.h */ = {isa = PBXFileReference; fileEncoding = 4; lastKnownFileType = sourcecode.c.h; path = WHToast.h; sourceTree = "<group>"; };
		8B368B73273ABA4100B5C1AC /* UIImage+WHToast.m */ = {isa = PBXFileReference; fileEncoding = 4; lastKnownFileType = sourcecode.c.objc; path = "UIImage+WHToast.m"; sourceTree = "<group>"; };
		8B368B74273ABA4100B5C1AC /* MBProgressHUD+Extend.h */ = {isa = PBXFileReference; fileEncoding = 4; lastKnownFileType = sourcecode.c.h; path = "MBProgressHUD+Extend.h"; sourceTree = "<group>"; };
		8B368B75273ABA4100B5C1AC /* WHToastConfig.m */ = {isa = PBXFileReference; fileEncoding = 4; lastKnownFileType = sourcecode.c.objc; path = WHToastConfig.m; sourceTree = "<group>"; };
		8B368B76273ABA4100B5C1AC /* WHToastView.m */ = {isa = PBXFileReference; fileEncoding = 4; lastKnownFileType = sourcecode.c.objc; path = WHToastView.m; sourceTree = "<group>"; };
		8B368B77273ABA4100B5C1AC /* WHToast.m */ = {isa = PBXFileReference; fileEncoding = 4; lastKnownFileType = sourcecode.c.objc; path = WHToast.m; sourceTree = "<group>"; };
		8B368B79273ABA4100B5C1AC /* FEAlertSubView.m */ = {isa = PBXFileReference; fileEncoding = 4; lastKnownFileType = sourcecode.c.objc; path = FEAlertSubView.m; sourceTree = "<group>"; };
		8B368B7A273ABA4100B5C1AC /* FEAlertView.h */ = {isa = PBXFileReference; fileEncoding = 4; lastKnownFileType = sourcecode.c.h; path = FEAlertView.h; sourceTree = "<group>"; };
		8B368B7B273ABA4100B5C1AC /* FEAlertSubView.h */ = {isa = PBXFileReference; fileEncoding = 4; lastKnownFileType = sourcecode.c.h; path = FEAlertSubView.h; sourceTree = "<group>"; };
		8B368B7C273ABA4100B5C1AC /* FEAlertView.m */ = {isa = PBXFileReference; fileEncoding = 4; lastKnownFileType = sourcecode.c.objc; path = FEAlertView.m; sourceTree = "<group>"; };
		8B368B86273ABD2100B5C1AC /* MBP-umbrella.h */ = {isa = PBXFileReference; lastKnownFileType = sourcecode.c.h; path = "MBP-umbrella.h"; sourceTree = "<group>"; };
		8B368BA1273AC8AE00B5C1AC /* NSString+FESize.h */ = {isa = PBXFileReference; fileEncoding = 4; lastKnownFileType = sourcecode.c.h; path = "NSString+FESize.h"; sourceTree = "<group>"; };
		8B368BA2273AC8AE00B5C1AC /* NSString+FESize.m */ = {isa = PBXFileReference; fileEncoding = 4; lastKnownFileType = sourcecode.c.objc; path = "NSString+FESize.m"; sourceTree = "<group>"; };
		8B368BD6273B9BDB00B5C1AC /* FEAccountModel.m */ = {isa = PBXFileReference; fileEncoding = 4; lastKnownFileType = sourcecode.c.objc; path = FEAccountModel.m; sourceTree = "<group>"; };
		8B368BD7273B9BDB00B5C1AC /* FEAccountModel.h */ = {isa = PBXFileReference; fileEncoding = 4; lastKnownFileType = sourcecode.c.h; path = FEAccountModel.h; sourceTree = "<group>"; };
		8B368BFC273CBA2700B5C1AC /* FEWalletVC.h */ = {isa = PBXFileReference; lastKnownFileType = sourcecode.c.h; path = FEWalletVC.h; sourceTree = "<group>"; };
		8B368BFD273CBA2700B5C1AC /* FEWalletVC.m */ = {isa = PBXFileReference; lastKnownFileType = sourcecode.c.objc; path = FEWalletVC.m; sourceTree = "<group>"; };
		8B368BFE273CBA2700B5C1AC /* FEWalletVC.xib */ = {isa = PBXFileReference; lastKnownFileType = file.xib; path = FEWalletVC.xib; sourceTree = "<group>"; };
		8B368D7F273D4C1A00B5C1AC /* menuViewContorller.xib */ = {isa = PBXFileReference; fileEncoding = 4; lastKnownFileType = file.xib; path = menuViewContorller.xib; sourceTree = "<group>"; };
		8B368D80273D4C1A00B5C1AC /* menuViewContorller.h */ = {isa = PBXFileReference; fileEncoding = 4; lastKnownFileType = sourcecode.c.h; path = menuViewContorller.h; sourceTree = "<group>"; };
		8B368D81273D4C1A00B5C1AC /* menuViewContorller.m */ = {isa = PBXFileReference; fileEncoding = 4; lastKnownFileType = sourcecode.c.objc; path = menuViewContorller.m; sourceTree = "<group>"; };
		CD85DD360E682DB69B0B9700 /* libPods-flashE.a */ = {isa = PBXFileReference; explicitFileType = archive.ar; includeInIndex = 0; path = "libPods-flashE.a"; sourceTree = BUILT_PRODUCTS_DIR; };
/* End PBXFileReference section */

/* Begin PBXFrameworksBuildPhase section */
		8B367BFA272A381700B5C1AC /* Frameworks */ = {
			isa = PBXFrameworksBuildPhase;
			buildActionMask = 2147483647;
			files = (
				55B41FD2E81F5245958EE130 /* libPods-flashE.a in Frameworks */,
			);
			runOnlyForDeploymentPostprocessing = 0;
		};
/* End PBXFrameworksBuildPhase section */

/* Begin PBXGroup section */
		03D9A17157ED9F839F7CDBA9 /* Frameworks */ = {
			isa = PBXGroup;
			children = (
				CD85DD360E682DB69B0B9700 /* libPods-flashE.a */,
			);
			name = Frameworks;
			sourceTree = "<group>";
		};
		8595330308D3ED37779D1C5F /* Pods */ = {
			isa = PBXGroup;
			children = (
				3764F63A7918ABDD87407AC6 /* Pods-flashE.debug.xcconfig */,
				3980E3366D4CA0BE6B79779D /* Pods-flashE.release.xcconfig */,
			);
			path = Pods;
			sourceTree = "<group>";
		};
		8B367BF4272A381700B5C1AC = {
			isa = PBXGroup;
			children = (
				8B367BFF272A381700B5C1AC /* flashE */,
				8B367BFE272A381700B5C1AC /* Products */,
				8595330308D3ED37779D1C5F /* Pods */,
				03D9A17157ED9F839F7CDBA9 /* Frameworks */,
			);
			sourceTree = "<group>";
		};
		8B367BFE272A381700B5C1AC /* Products */ = {
			isa = PBXGroup;
			children = (
				8B367BFD272A381700B5C1AC /* flashE.app */,
			);
			name = Products;
			sourceTree = "<group>";
		};
		8B367BFF272A381700B5C1AC /* flashE */ = {
			isa = PBXGroup;
			children = (
				8B36883C2738C03E00B5C1AC /* netWork */,
				8B36883427343BD900B5C1AC /* scene */,
				8B36882927343B7E00B5C1AC /* FEBaseViewController.h */,
				8B36882127343B7E00B5C1AC /* FEBaseViewController.m */,
				8B36882227343B7E00B5C1AC /* public */,
				8B367C00272A381700B5C1AC /* AppDelegate.h */,
				8B367C01272A381700B5C1AC /* AppDelegate.m */,
				8B367C03272A381700B5C1AC /* SceneDelegate.h */,
				8B367C04272A381800B5C1AC /* SceneDelegate.m */,
				8B367C0C272A381900B5C1AC /* Assets.xcassets */,
				8B367C0E272A381900B5C1AC /* LaunchScreen.storyboard */,
				8B367C11272A381900B5C1AC /* Info.plist */,
				8B367C12272A381A00B5C1AC /* main.m */,
			);
			path = flashE;
			sourceTree = "<group>";
		};
		8B36881627343B7E00B5C1AC /* Btn */ = {
			isa = PBXGroup;
			children = (
				8B36881A27343B7E00B5C1AC /* UIButtonModule-umbrella.h */,
				8B36881D27343B7E00B5C1AC /* UIButton+BackgroundColor.h */,
				8B36881727343B7E00B5C1AC /* UIButton+BackgroundColor.m */,
				8B36881827343B7E00B5C1AC /* UIButton+Frequentclicks.h */,
				8B36881C27343B7E00B5C1AC /* UIButton+Frequentclicks.m */,
				8B36881927343B7E00B5C1AC /* UIButton+EnlargeTouchArea.h */,
				8B36881F27343B7E00B5C1AC /* UIButton+EnlargeTouchArea.m */,
				8B36881E27343B7E00B5C1AC /* UIButton+FEImage.h */,
				8B36881B27343B7E00B5C1AC /* UIButton+FEImage.m */,
			);
			path = Btn;
			sourceTree = "<group>";
		};
		8B36882227343B7E00B5C1AC /* public */ = {
			isa = PBXGroup;
			children = (
				8B368B78273ABA4100B5C1AC /* Alert */,
				8B368B6D273ABA4000B5C1AC /* MBPProgress */,
				8B368B2A273AB46B00B5C1AC /* UIlabel */,
				8B368B0E273A628200B5C1AC /* UIView */,
				8B368B03273A565400B5C1AC /* Regex */,
				8B368A552738EE0C00B5C1AC /* GTM */,
				8B36881627343B7E00B5C1AC /* Btn */,
				8B368AF0273A217D00B5C1AC /* NSString */,
				8B368B0B273A5FA100B5C1AC /* FEDefineModule */,
				8B368AE1273A182800B5C1AC /* NSData */,
				8B368ACD273A16DE00B5C1AC /* aesCrypt */,
				8B368AB8273A12FC00B5C1AC /* account */,
				8B36882827343B7E00B5C1AC /* OpenUDID.h */,
				8B36882327343B7E00B5C1AC /* OpenUDID.m */,
				8B36882427343B7E00B5C1AC /* FEPublicMethods.h */,
				8B36882727343B7E00B5C1AC /* FEPublicMethods.m */,
			);
			path = public;
			sourceTree = "<group>";
		};
		8B36883427343BD900B5C1AC /* scene */ = {
			isa = PBXGroup;
			children = (
				8B368D7C273D4BE700B5C1AC /* menuVC */,
				8B368BFB273CBA0900B5C1AC /* walletVC */,
				8B368AFA273A272D00B5C1AC /* loginVC */,
				8B368AF8273A272400B5C1AC /* homeVC */,
			);
			path = scene;
			sourceTree = "<group>";
		};
		8B36883C2738C03E00B5C1AC /* netWork */ = {
			isa = PBXGroup;
			children = (
				8B36883D2738C06E00B5C1AC /* FEHttpManager.h */,
				8B36883E2738C06E00B5C1AC /* FEHttpManager.m */,
			);
			path = netWork;
			sourceTree = "<group>";
		};
		8B368A552738EE0C00B5C1AC /* GTM */ = {
			isa = PBXGroup;
			children = (
				8B368A8C273957CC00B5C1AC /* Base64Util.h */,
				8B368A8F273957CC00B5C1AC /* Base64Util.m */,
				8B368A8D273957CC00B5C1AC /* GTMBase64.h */,
				8B368A92273957CC00B5C1AC /* GTMBase64.m */,
				8B368A90273957CC00B5C1AC /* GTMDefines.h */,
				8B368A8E273957CC00B5C1AC /* MD5Encryption.h */,
				8B368A91273957CC00B5C1AC /* MD5Encryption.m */,
			);
			path = GTM;
			sourceTree = "<group>";
		};
		8B368AB8273A12FC00B5C1AC /* account */ = {
			isa = PBXGroup;
			children = (
				8B368BD7273B9BDB00B5C1AC /* FEAccountModel.h */,
				8B368BD6273B9BDB00B5C1AC /* FEAccountModel.m */,
				8B368A9B27396CFD00B5C1AC /* FEAccountManager.h */,
				8B368A9D27396CFD00B5C1AC /* FEAccountManager.m */,
				8B368AA027396CFD00B5C1AC /* FEAddressModel.h */,
				8B368A9E27396CFD00B5C1AC /* FEAddressModel.m */,
			);
			path = account;
			sourceTree = "<group>";
		};
		8B368ACD273A16DE00B5C1AC /* aesCrypt */ = {
			isa = PBXGroup;
			children = (
				8B368ACF273A16DE00B5C1AC /* FEAESCrypt.h */,
				8B368ACE273A16DE00B5C1AC /* FEAESCrypt.m */,
			);
			path = aesCrypt;
			sourceTree = "<group>";
		};
		8B368AE1273A182800B5C1AC /* NSData */ = {
			isa = PBXGroup;
			children = (
				8B368AE2273A182800B5C1AC /* NSData+FEBase64.h */,
				8B368AE4273A182800B5C1AC /* NSData+FEBase64.m */,
				8B368AE5273A182800B5C1AC /* NSData+FECommonCrypto.h */,
				8B368AE3273A182800B5C1AC /* NSData+FECommonCrypto.m */,
			);
			path = NSData;
			sourceTree = "<group>";
		};
		8B368AF0273A217D00B5C1AC /* NSString */ = {
			isa = PBXGroup;
			children = (
				8B368BA1273AC8AE00B5C1AC /* NSString+FESize.h */,
				8B368BA2273AC8AE00B5C1AC /* NSString+FESize.m */,
				8B368AF1273A21F300B5C1AC /* NSString+Extend.h */,
				8B368AF2273A21F300B5C1AC /* NSString+Extend.m */,
				8B368AF5273A261100B5C1AC /* NSString-umbrella.h */,
			);
			path = NSString;
			sourceTree = "<group>";
		};
		8B368AF8273A272400B5C1AC /* homeVC */ = {
			isa = PBXGroup;
			children = (
				8B36883527343C0E00B5C1AC /* FEHomeVC.h */,
				8B36883627343C0E00B5C1AC /* FEHomeVC.m */,
			);
			path = homeVC;
			sourceTree = "<group>";
		};
		8B368AFA273A272D00B5C1AC /* loginVC */ = {
			isa = PBXGroup;
			children = (
				8B368AFB273A275000B5C1AC /* FELoginVC.h */,
				8B368AFC273A275000B5C1AC /* FELoginVC.m */,
				8B368AFD273A275000B5C1AC /* FELoginVC.xib */,
			);
			path = loginVC;
			sourceTree = "<group>";
		};
		8B368B03273A565400B5C1AC /* Regex */ = {
			isa = PBXGroup;
			children = (
				8B368B04273A565400B5C1AC /* RegexKitLite.h */,
				8B368B05273A565400B5C1AC /* RegexKitLite.m */,
			);
			path = Regex;
			sourceTree = "<group>";
		};
		8B368B0B273A5FA100B5C1AC /* FEDefineModule */ = {
			isa = PBXGroup;
			children = (
				8B36882627343B7E00B5C1AC /* defines.h */,
				8B368AEC273A1F2500B5C1AC /* definePlist.plist */,
				8B368AEA273A1F2500B5C1AC /* FEDefineModule.h */,
				8B368AEB273A1F2500B5C1AC /* FEDefineModule.m */,
			);
			path = FEDefineModule;
			sourceTree = "<group>";
		};
		8B368B0E273A628200B5C1AC /* UIView */ = {
			isa = PBXGroup;
			children = (
				8B368B14273A62C500B5C1AC /* FEUIView-umbrella.h */,
				8B368B11273A62C400B5C1AC /* UIView+Extend.h */,
				8B368B10273A62C400B5C1AC /* UIView+Extend.m */,
				8B368B15273A62C500B5C1AC /* UIView+Inspectable.h */,
				8B368B12273A62C400B5C1AC /* UIView+Inspectable.m */,
			);
			path = UIView;
			sourceTree = "<group>";
		};
		8B368B2A273AB46B00B5C1AC /* UIlabel */ = {
			isa = PBXGroup;
			children = (
				8B368B2F273AB46B00B5C1AC /* FECanCopyLabel.h */,
				8B368B2D273AB46B00B5C1AC /* FECanCopyLabel.m */,
				8B368B2C273AB46B00B5C1AC /* FEVerticalAlignmentLabel.h */,
				8B368B30273AB46B00B5C1AC /* FEVerticalAlignmentLabel.m */,
				8B368B31273AB46B00B5C1AC /* FELineLabel.h */,
				8B368B2B273AB46B00B5C1AC /* FELineLabel.m */,
				8B368B2E273AB46B00B5C1AC /* UILabel+AttributedString.h */,
				8B368B32273AB46B00B5C1AC /* UILabel+AttributedString.m */,
			);
			path = UIlabel;
			sourceTree = "<group>";
		};
		8B368B6D273ABA4000B5C1AC /* MBPProgress */ = {
			isa = PBXGroup;
			children = (
				8B368B74273ABA4100B5C1AC /* MBProgressHUD+Extend.h */,
				8B368B6F273ABA4100B5C1AC /* MBProgressHUD+Extend.m */,
				8B368B6E273ABA4100B5C1AC /* UIImage+WHToast.h */,
				8B368B73273ABA4100B5C1AC /* UIImage+WHToast.m */,
				8B368B70273ABA4100B5C1AC /* WHToastView.h */,
				8B368B76273ABA4100B5C1AC /* WHToastView.m */,
				8B368B71273ABA4100B5C1AC /* WHToastConfig.h */,
				8B368B75273ABA4100B5C1AC /* WHToastConfig.m */,
				8B368B72273ABA4100B5C1AC /* WHToast.h */,
				8B368B77273ABA4100B5C1AC /* WHToast.m */,
				8B368B86273ABD2100B5C1AC /* MBP-umbrella.h */,
			);
			path = MBPProgress;
			sourceTree = "<group>";
		};
		8B368B78273ABA4100B5C1AC /* Alert */ = {
			isa = PBXGroup;
			children = (
				8B368B7A273ABA4100B5C1AC /* FEAlertView.h */,
				8B368B7C273ABA4100B5C1AC /* FEAlertView.m */,
				8B368B7B273ABA4100B5C1AC /* FEAlertSubView.h */,
				8B368B79273ABA4100B5C1AC /* FEAlertSubView.m */,
			);
			path = Alert;
			sourceTree = "<group>";
		};
		8B368BFB273CBA0900B5C1AC /* walletVC */ = {
			isa = PBXGroup;
			children = (
				8B368BFC273CBA2700B5C1AC /* FEWalletVC.h */,
				8B368BFD273CBA2700B5C1AC /* FEWalletVC.m */,
				8B368BFE273CBA2700B5C1AC /* FEWalletVC.xib */,
			);
			path = walletVC;
			sourceTree = "<group>";
		};
		8B368D7C273D4BE700B5C1AC /* menuVC */ = {
			isa = PBXGroup;
			children = (
				8B368D80273D4C1A00B5C1AC /* menuViewContorller.h */,
				8B368D81273D4C1A00B5C1AC /* menuViewContorller.m */,
				8B368D7F273D4C1A00B5C1AC /* menuViewContorller.xib */,
			);
			path = menuVC;
			sourceTree = "<group>";
		};
/* End PBXGroup section */

/* Begin PBXNativeTarget section */
		8B367BFC272A381700B5C1AC /* flashE */ = {
			isa = PBXNativeTarget;
			buildConfigurationList = 8B367C16272A381A00B5C1AC /* Build configuration list for PBXNativeTarget "flashE" */;
			buildPhases = (
				3F28BC6707CC5A4229DD6182 /* [CP] Check Pods Manifest.lock */,
				8B367BF9272A381700B5C1AC /* Sources */,
				8B367BFA272A381700B5C1AC /* Frameworks */,
				8B367BFB272A381700B5C1AC /* Resources */,
				F1FE81E77CBD713C94C7D032 /* [CP] Copy Pods Resources */,
			);
			buildRules = (
			);
			dependencies = (
			);
			name = flashE;
			productName = flashE;
			productReference = 8B367BFD272A381700B5C1AC /* flashE.app */;
			productType = "com.apple.product-type.application";
		};
/* End PBXNativeTarget section */

/* Begin PBXProject section */
		8B367BF5272A381700B5C1AC /* Project object */ = {
			isa = PBXProject;
			attributes = {
				LastUpgradeCheck = 1240;
				TargetAttributes = {
					8B367BFC272A381700B5C1AC = {
						CreatedOnToolsVersion = 12.4;
					};
				};
			};
			buildConfigurationList = 8B367BF8272A381700B5C1AC /* Build configuration list for PBXProject "flashE" */;
			compatibilityVersion = "Xcode 9.3";
			developmentRegion = en;
			hasScannedForEncodings = 0;
			knownRegions = (
				en,
				Base,
			);
			mainGroup = 8B367BF4272A381700B5C1AC;
			productRefGroup = 8B367BFE272A381700B5C1AC /* Products */;
			projectDirPath = "";
			projectRoot = "";
			targets = (
				8B367BFC272A381700B5C1AC /* flashE */,
			);
		};
/* End PBXProject section */

/* Begin PBXResourcesBuildPhase section */
		8B367BFB272A381700B5C1AC /* Resources */ = {
			isa = PBXResourcesBuildPhase;
			buildActionMask = 2147483647;
			files = (
				8B368C00273CBA2700B5C1AC /* FEWalletVC.xib in Resources */,
				8B367C10272A381900B5C1AC /* LaunchScreen.storyboard in Resources */,
				8B367C0D272A381900B5C1AC /* Assets.xcassets in Resources */,
				8B368AFF273A275000B5C1AC /* FELoginVC.xib in Resources */,
				8B368AEE273A1F2500B5C1AC /* definePlist.plist in Resources */,
				8B368D82273D4C1A00B5C1AC /* menuViewContorller.xib in Resources */,
			);
			runOnlyForDeploymentPostprocessing = 0;
		};
/* End PBXResourcesBuildPhase section */

/* Begin PBXShellScriptBuildPhase section */
		3F28BC6707CC5A4229DD6182 /* [CP] Check Pods Manifest.lock */ = {
			isa = PBXShellScriptBuildPhase;
			buildActionMask = 2147483647;
			files = (
			);
			inputFileListPaths = (
			);
			inputPaths = (
				"${PODS_PODFILE_DIR_PATH}/Podfile.lock",
				"${PODS_ROOT}/Manifest.lock",
			);
			name = "[CP] Check Pods Manifest.lock";
			outputFileListPaths = (
			);
			outputPaths = (
				"$(DERIVED_FILE_DIR)/Pods-flashE-checkManifestLockResult.txt",
			);
			runOnlyForDeploymentPostprocessing = 0;
			shellPath = /bin/sh;
			shellScript = "diff \"${PODS_PODFILE_DIR_PATH}/Podfile.lock\" \"${PODS_ROOT}/Manifest.lock\" > /dev/null\nif [ $? != 0 ] ; then\n    # print error to STDERR\n    echo \"error: The sandbox is not in sync with the Podfile.lock. Run 'pod install' or update your CocoaPods installation.\" >&2\n    exit 1\nfi\n# This output is used by Xcode 'outputs' to avoid re-running this script phase.\necho \"SUCCESS\" > \"${SCRIPT_OUTPUT_FILE_0}\"\n";
			showEnvVarsInLog = 0;
		};
		F1FE81E77CBD713C94C7D032 /* [CP] Copy Pods Resources */ = {
			isa = PBXShellScriptBuildPhase;
			buildActionMask = 2147483647;
			files = (
			);
			inputFileListPaths = (
				"${PODS_ROOT}/Target Support Files/Pods-flashE/Pods-flashE-resources-${CONFIGURATION}-input-files.xcfilelist",
			);
			name = "[CP] Copy Pods Resources";
			outputFileListPaths = (
				"${PODS_ROOT}/Target Support Files/Pods-flashE/Pods-flashE-resources-${CONFIGURATION}-output-files.xcfilelist",
			);
			runOnlyForDeploymentPostprocessing = 0;
			shellPath = /bin/sh;
			shellScript = "\"${PODS_ROOT}/Target Support Files/Pods-flashE/Pods-flashE-resources.sh\"\n";
			showEnvVarsInLog = 0;
		};
/* End PBXShellScriptBuildPhase section */

/* Begin PBXSourcesBuildPhase section */
		8B367BF9272A381700B5C1AC /* Sources */ = {
			isa = PBXSourcesBuildPhase;
			buildActionMask = 2147483647;
			files = (
				8B36883F2738C06E00B5C1AC /* FEHttpManager.m in Sources */,
				8B36882F27343B7E00B5C1AC /* FEBaseViewController.m in Sources */,
				8B368B80273ABA4100B5C1AC /* WHToastView.m in Sources */,
				8B368AA127396CFD00B5C1AC /* FEAccountManager.m in Sources */,
				8B36883027343B7E00B5C1AC /* OpenUDID.m in Sources */,
				8B368BD8273B9BDB00B5C1AC /* FEAccountModel.m in Sources */,
				8B368B7F273ABA4100B5C1AC /* WHToastConfig.m in Sources */,
				8B368AD0273A16DE00B5C1AC /* FEAESCrypt.m in Sources */,
				8B36882A27343B7E00B5C1AC /* UIButton+BackgroundColor.m in Sources */,
				8B368AA227396CFD00B5C1AC /* FEAddressModel.m in Sources */,
				8B368B36273AB46C00B5C1AC /* UILabel+AttributedString.m in Sources */,
				8B368AFE273A275000B5C1AC /* FELoginVC.m in Sources */,
				8B368B16273A62C500B5C1AC /* UIView+Extend.m in Sources */,
				8B368AF3273A21F300B5C1AC /* NSString+Extend.m in Sources */,
				8B368B83273ABA4100B5C1AC /* FEAlertView.m in Sources */,
				8B367C02272A381700B5C1AC /* AppDelegate.m in Sources */,
				8B36882B27343B7E00B5C1AC /* UIButton+FEImage.m in Sources */,
				8B368AED273A1F2500B5C1AC /* FEDefineModule.m in Sources */,
				8B368B7D273ABA4100B5C1AC /* MBProgressHUD+Extend.m in Sources */,
				8B368B7E273ABA4100B5C1AC /* UIImage+WHToast.m in Sources */,
				8B36883827343C0E00B5C1AC /* FEHomeVC.m in Sources */,
				8B368B17273A62C500B5C1AC /* UIView+Inspectable.m in Sources */,
				8B368B34273AB46C00B5C1AC /* FECanCopyLabel.m in Sources */,
				8B368B35273AB46C00B5C1AC /* FEVerticalAlignmentLabel.m in Sources */,
				8B368B81273ABA4100B5C1AC /* WHToast.m in Sources */,
				8B368BFF273CBA2700B5C1AC /* FEWalletVC.m in Sources */,
				8B36882C27343B7E00B5C1AC /* UIButton+Frequentclicks.m in Sources */,
				8B368B82273ABA4100B5C1AC /* FEAlertSubView.m in Sources */,
				8B368AE7273A182800B5C1AC /* NSData+FEBase64.m in Sources */,
				8B368BA3273AC8AE00B5C1AC /* NSString+FESize.m in Sources */,
				8B367C13272A381A00B5C1AC /* main.m in Sources */,
				8B368B06273A565400B5C1AC /* RegexKitLite.m in Sources */,
				8B368A93273957CC00B5C1AC /* Base64Util.m in Sources */,
				8B368A94273957CC00B5C1AC /* MD5Encryption.m in Sources */,
				8B367C05272A381800B5C1AC /* SceneDelegate.m in Sources */,
				8B368A95273957CC00B5C1AC /* GTMBase64.m in Sources */,
				8B368D83273D4C1A00B5C1AC /* menuViewContorller.m in Sources */,
				8B36883127343B7E00B5C1AC /* FEPublicMethods.m in Sources */,
				8B368B33273AB46C00B5C1AC /* FELineLabel.m in Sources */,
				8B36882D27343B7E00B5C1AC /* UIButton+EnlargeTouchArea.m in Sources */,
				8B368AE6273A182800B5C1AC /* NSData+FECommonCrypto.m in Sources */,
			);
			runOnlyForDeploymentPostprocessing = 0;
		};
/* End PBXSourcesBuildPhase section */

/* Begin PBXVariantGroup section */
		8B367C0E272A381900B5C1AC /* LaunchScreen.storyboard */ = {
			isa = PBXVariantGroup;
			children = (
				8B367C0F272A381900B5C1AC /* Base */,
			);
			name = LaunchScreen.storyboard;
			sourceTree = "<group>";
		};
/* End PBXVariantGroup section */

/* Begin XCBuildConfiguration section */
		8B367C14272A381A00B5C1AC /* Debug */ = {
			isa = XCBuildConfiguration;
			buildSettings = {
				ALWAYS_SEARCH_USER_PATHS = NO;
				CLANG_ANALYZER_NONNULL = YES;
				CLANG_ANALYZER_NUMBER_OBJECT_CONVERSION = YES_AGGRESSIVE;
				CLANG_CXX_LANGUAGE_STANDARD = "gnu++14";
				CLANG_CXX_LIBRARY = "libc++";
				CLANG_ENABLE_MODULES = YES;
				CLANG_ENABLE_OBJC_ARC = YES;
				CLANG_ENABLE_OBJC_WEAK = YES;
				CLANG_WARN_BLOCK_CAPTURE_AUTORELEASING = YES;
				CLANG_WARN_BOOL_CONVERSION = YES;
				CLANG_WARN_COMMA = YES;
				CLANG_WARN_CONSTANT_CONVERSION = YES;
				CLANG_WARN_DEPRECATED_OBJC_IMPLEMENTATIONS = YES;
				CLANG_WARN_DIRECT_OBJC_ISA_USAGE = YES_ERROR;
				CLANG_WARN_DOCUMENTATION_COMMENTS = YES;
				CLANG_WARN_EMPTY_BODY = YES;
				CLANG_WARN_ENUM_CONVERSION = YES;
				CLANG_WARN_INFINITE_RECURSION = YES;
				CLANG_WARN_INT_CONVERSION = YES;
				CLANG_WARN_NON_LITERAL_NULL_CONVERSION = YES;
				CLANG_WARN_OBJC_IMPLICIT_RETAIN_SELF = YES;
				CLANG_WARN_OBJC_LITERAL_CONVERSION = YES;
				CLANG_WARN_OBJC_ROOT_CLASS = YES_ERROR;
				CLANG_WARN_QUOTED_INCLUDE_IN_FRAMEWORK_HEADER = YES;
				CLANG_WARN_RANGE_LOOP_ANALYSIS = YES;
				CLANG_WARN_STRICT_PROTOTYPES = YES;
				CLANG_WARN_SUSPICIOUS_MOVE = YES;
				CLANG_WARN_UNGUARDED_AVAILABILITY = YES_AGGRESSIVE;
				CLANG_WARN_UNREACHABLE_CODE = YES;
				CLANG_WARN__DUPLICATE_METHOD_MATCH = YES;
				COPY_PHASE_STRIP = NO;
				DEBUG_INFORMATION_FORMAT = dwarf;
				ENABLE_STRICT_OBJC_MSGSEND = YES;
				ENABLE_TESTABILITY = YES;
				GCC_C_LANGUAGE_STANDARD = gnu11;
				GCC_DYNAMIC_NO_PIC = NO;
				GCC_NO_COMMON_BLOCKS = YES;
				GCC_OPTIMIZATION_LEVEL = 0;
				GCC_PREPROCESSOR_DEFINITIONS = (
					"DEBUG=1",
					"$(inherited)",
				);
				GCC_WARN_64_TO_32_BIT_CONVERSION = YES;
				GCC_WARN_ABOUT_RETURN_TYPE = YES_ERROR;
				GCC_WARN_UNDECLARED_SELECTOR = YES;
				GCC_WARN_UNINITIALIZED_AUTOS = YES_AGGRESSIVE;
				GCC_WARN_UNUSED_FUNCTION = YES;
				GCC_WARN_UNUSED_VARIABLE = YES;
				IPHONEOS_DEPLOYMENT_TARGET = 14.4;
				MTL_ENABLE_DEBUG_INFO = INCLUDE_SOURCE;
				MTL_FAST_MATH = YES;
				ONLY_ACTIVE_ARCH = YES;
				SDKROOT = iphoneos;
			};
			name = Debug;
		};
		8B367C15272A381A00B5C1AC /* Release */ = {
			isa = XCBuildConfiguration;
			buildSettings = {
				ALWAYS_SEARCH_USER_PATHS = NO;
				CLANG_ANALYZER_NONNULL = YES;
				CLANG_ANALYZER_NUMBER_OBJECT_CONVERSION = YES_AGGRESSIVE;
				CLANG_CXX_LANGUAGE_STANDARD = "gnu++14";
				CLANG_CXX_LIBRARY = "libc++";
				CLANG_ENABLE_MODULES = YES;
				CLANG_ENABLE_OBJC_ARC = YES;
				CLANG_ENABLE_OBJC_WEAK = YES;
				CLANG_WARN_BLOCK_CAPTURE_AUTORELEASING = YES;
				CLANG_WARN_BOOL_CONVERSION = YES;
				CLANG_WARN_COMMA = YES;
				CLANG_WARN_CONSTANT_CONVERSION = YES;
				CLANG_WARN_DEPRECATED_OBJC_IMPLEMENTATIONS = YES;
				CLANG_WARN_DIRECT_OBJC_ISA_USAGE = YES_ERROR;
				CLANG_WARN_DOCUMENTATION_COMMENTS = YES;
				CLANG_WARN_EMPTY_BODY = YES;
				CLANG_WARN_ENUM_CONVERSION = YES;
				CLANG_WARN_INFINITE_RECURSION = YES;
				CLANG_WARN_INT_CONVERSION = YES;
				CLANG_WARN_NON_LITERAL_NULL_CONVERSION = YES;
				CLANG_WARN_OBJC_IMPLICIT_RETAIN_SELF = YES;
				CLANG_WARN_OBJC_LITERAL_CONVERSION = YES;
				CLANG_WARN_OBJC_ROOT_CLASS = YES_ERROR;
				CLANG_WARN_QUOTED_INCLUDE_IN_FRAMEWORK_HEADER = YES;
				CLANG_WARN_RANGE_LOOP_ANALYSIS = YES;
				CLANG_WARN_STRICT_PROTOTYPES = YES;
				CLANG_WARN_SUSPICIOUS_MOVE = YES;
				CLANG_WARN_UNGUARDED_AVAILABILITY = YES_AGGRESSIVE;
				CLANG_WARN_UNREACHABLE_CODE = YES;
				CLANG_WARN__DUPLICATE_METHOD_MATCH = YES;
				COPY_PHASE_STRIP = NO;
				DEBUG_INFORMATION_FORMAT = "dwarf-with-dsym";
				ENABLE_NS_ASSERTIONS = NO;
				ENABLE_STRICT_OBJC_MSGSEND = YES;
				GCC_C_LANGUAGE_STANDARD = gnu11;
				GCC_NO_COMMON_BLOCKS = YES;
				GCC_WARN_64_TO_32_BIT_CONVERSION = YES;
				GCC_WARN_ABOUT_RETURN_TYPE = YES_ERROR;
				GCC_WARN_UNDECLARED_SELECTOR = YES;
				GCC_WARN_UNINITIALIZED_AUTOS = YES_AGGRESSIVE;
				GCC_WARN_UNUSED_FUNCTION = YES;
				GCC_WARN_UNUSED_VARIABLE = YES;
				IPHONEOS_DEPLOYMENT_TARGET = 14.4;
				MTL_ENABLE_DEBUG_INFO = NO;
				MTL_FAST_MATH = YES;
				SDKROOT = iphoneos;
				VALIDATE_PRODUCT = YES;
			};
			name = Release;
		};
		8B367C17272A381A00B5C1AC /* Debug */ = {
			isa = XCBuildConfiguration;
			baseConfigurationReference = 3764F63A7918ABDD87407AC6 /* Pods-flashE.debug.xcconfig */;
			buildSettings = {
				ASSETCATALOG_COMPILER_APPICON_NAME = AppIcon;
				ASSETCATALOG_COMPILER_GLOBAL_ACCENT_COLOR_NAME = AccentColor;
				CODE_SIGN_STYLE = Automatic;
				CURRENT_PROJECT_VERSION = 1000;
				GCC_INCREASE_PRECOMPILED_HEADER_SHARING = NO;
				GCC_PRECOMPILE_PREFIX_HEADER = NO;
				GCC_PREFIX_HEADER = "";
				INFOPLIST_FILE = flashE/Info.plist;
				IPHONEOS_DEPLOYMENT_TARGET = 9.0;
				LD_RUNPATH_SEARCH_PATHS = (
					"$(inherited)",
					"@executable_path/Frameworks",
				);
				MARKETING_VERSION = 1.0.0;
				OTHER_LDFLAGS = (
					"$(inherited)",
					"-licucore",
					"-ObjC",
					"-l\"AFNetworking\"",
					"-l\"DateTools\"",
					"-l\"FDFullscreenPopGesture\"",
					"-l\"IQKeyboardManager\"",
					"-l\"MBProgressHUD\"",
					"-l\"MJRefresh\"",
					"-l\"MMPopupView\"",
					"-l\"Masonry\"",
					"-l\"SDCycleScrollView\"",
					"-l\"SDWebImage\"",
					"-l\"TZImagePickerController\"",
					"-l\"ViewDeck\"",
					"-l\"YYModel\"",
					"-l\"c++\"",
					"-framework",
					"\"CoreFoundation\"",
					"-framework",
					"\"CoreGraphics\"",
					"-framework",
					"\"Foundation\"",
					"-framework",
					"\"ImageIO\"",
					"-framework",
					"\"MobileCoreServices\"",
					"-framework",
					"\"Photos\"",
					"-framework",
					"\"QuartzCore\"",
					"-framework",
					"\"Security\"",
					"-framework",
					"\"SystemConfiguration\"",
					"-framework",
					"\"UIKit\"",
				);
				PRODUCT_BUNDLE_IDENTIFIER = com.xiaolu.shansong;
				PRODUCT_NAME = "$(TARGET_NAME)";
				TARGETED_DEVICE_FAMILY = 1;
			};
			name = Debug;
		};
		8B367C18272A381A00B5C1AC /* Release */ = {
			isa = XCBuildConfiguration;
			baseConfigurationReference = 3980E3366D4CA0BE6B79779D /* Pods-flashE.release.xcconfig */;
			buildSettings = {
				ASSETCATALOG_COMPILER_APPICON_NAME = AppIcon;
				ASSETCATALOG_COMPILER_GLOBAL_ACCENT_COLOR_NAME = AccentColor;
				CODE_SIGN_STYLE = Automatic;
				CURRENT_PROJECT_VERSION = 1000;
				GCC_INCREASE_PRECOMPILED_HEADER_SHARING = NO;
				GCC_PRECOMPILE_PREFIX_HEADER = NO;
				GCC_PREFIX_HEADER = "";
				INFOPLIST_FILE = flashE/Info.plist;
				IPHONEOS_DEPLOYMENT_TARGET = 9.0;
				LD_RUNPATH_SEARCH_PATHS = (
					"$(inherited)",
					"@executable_path/Frameworks",
				);
				MARKETING_VERSION = 1.0.0;
				OTHER_LDFLAGS = (
					"$(inherited)",
					"-licucore",
					"-ObjC",
					"-l\"AFNetworking\"",
					"-l\"DateTools\"",
					"-l\"FDFullscreenPopGesture\"",
					"-l\"IQKeyboardManager\"",
					"-l\"MBProgressHUD\"",
					"-l\"MJRefresh\"",
					"-l\"MMPopupView\"",
					"-l\"Masonry\"",
					"-l\"SDCycleScrollView\"",
					"-l\"SDWebImage\"",
					"-l\"TZImagePickerController\"",
					"-l\"ViewDeck\"",
					"-l\"YYModel\"",
					"-l\"c++\"",
					"-framework",
					"\"CoreFoundation\"",
					"-framework",
					"\"CoreGraphics\"",
					"-framework",
					"\"Foundation\"",
					"-framework",
					"\"ImageIO\"",
					"-framework",
					"\"MobileCoreServices\"",
					"-framework",
					"\"Photos\"",
					"-framework",
					"\"QuartzCore\"",
					"-framework",
					"\"Security\"",
					"-framework",
					"\"SystemConfiguration\"",
					"-framework",
					"\"UIKit\"",
				);
				PRODUCT_BUNDLE_IDENTIFIER = com.xiaolu.shansong;
				PRODUCT_NAME = "$(TARGET_NAME)";
				TARGETED_DEVICE_FAMILY = 1;
			};
			name = Release;
		};
/* End XCBuildConfiguration section */

/* Begin XCConfigurationList section */
		8B367BF8272A381700B5C1AC /* Build configuration list for PBXProject "flashE" */ = {
			isa = XCConfigurationList;
			buildConfigurations = (
				8B367C14272A381A00B5C1AC /* Debug */,
				8B367C15272A381A00B5C1AC /* Release */,
			);
			defaultConfigurationIsVisible = 0;
			defaultConfigurationName = Release;
		};
		8B367C16272A381A00B5C1AC /* Build configuration list for PBXNativeTarget "flashE" */ = {
			isa = XCConfigurationList;
			buildConfigurations = (
				8B367C17272A381A00B5C1AC /* Debug */,
				8B367C18272A381A00B5C1AC /* Release */,
			);
			defaultConfigurationIsVisible = 0;
			defaultConfigurationName = Release;
		};
/* End XCConfigurationList section */
	};
	rootObject = 8B367BF5272A381700B5C1AC /* Project object */;
}
