PODS:
  - AFNetworking (3.2.1):
    - AFNetworking/NSURLSession (= 3.2.1)
    - AFNetworking/Reachability (= 3.2.1)
    - AFNetworking/Security (= 3.2.1)
    - AFNetworking/Serialization (= 3.2.1)
    - AFNetworking/UIKit (= 3.2.1)
  - AFNetworking/NSURLSession (3.2.1):
    - AFNetworking/Reachability
    - AFNetworking/Security
    - AFNetworking/Serialization
  - AFNetworking/Reachability (3.2.1)
  - AFNetworking/Security (3.2.1)
  - AFNetworking/Serialization (3.2.1)
  - AFNetworking/UIKit (3.2.1):
    - AFNetworking/NSURLSession
  - DateTools (2.0.0)
  - FDFullscreenPopGesture (1.1)
  - FFRouter (1.1.1)
  - IQKeyboardManager (6.5.6)
  - JXCategoryView (1.5.5)
  - JXPagingView/Pager (2.1.1)
  - Masonry (1.1.0)
  - MBProgressHUD (1.2.0)
  - MJRefresh (3.5.0)
  - MMPopupView (1.7.2):
    - Masonry
  - SDCycleScrollView (1.82):
    - SDWebImage (>= 5.0.0)
  - SDWebImage (5.9.5):
    - SDWebImage/Core (= 5.9.5)
  - SDWebImage/Core (5.9.5)
  - TZImagePickerController (3.6.7)
  - ViewDeck (3.1.0)
  - YBAttributeTextTapAction (3.0.3)
  - YYModel (1.0.4)

DEPENDENCIES:
  - AFNetworking
  - DateTools
  - FDFullscreenPopGesture
  - FFRouter
  - IQKeyboardManager
  - JXCategoryView
  - JXPagingView/Pager
  - Masonry
  - MBProgressHUD
  - MJRefresh
  - MMPopupView
  - SDCycleScrollView (>= 1.82)
  - SDWebImage
  - TZImagePickerController
  - ViewDeck
  - YBAttributeTextTapAction
  - YYModel

SPEC REPOS:
  trunk:
    - AFNetworking
    - DateTools
    - FDFullscreenPopGesture
    - FFRouter
    - IQKeyboardManager
    - JXCategoryView
    - JXPagingView
    - Masonry
    - MBProgressHUD
    - MJRefresh
    - MMPopupView
    - SDCycleScrollView
    - SDWebImage
    - TZImagePickerController
    - ViewDeck
    - YBAttributeTextTapAction
    - YYModel

SPEC CHECKSUMS:
  AFNetworking: b6f891fdfaed196b46c7a83cf209e09697b94057
  DateTools: 933ac9c490f21f92127cf690ccd8c397e0126caf
  FDFullscreenPopGesture: a8a620179e3d9c40e8e00256dcee1c1a27c6d0f0
  FFRouter: dfda137b8f6817ca92dc9a1151727449548abfd3
  IQKeyboardManager: 2a6e97afdafc7becf0cb17a9a8d795e3a980717f
  JXCategoryView: 0293fcb356f10a5c2e679dac0a1a5f1899ee0c87
  JXPagingView: 99140c6f7f64abec35bc2dfc87c17ca049cafe76
  Masonry: 678fab65091a9290e40e2832a55e7ab731aad201
  MBProgressHUD: 3ee5efcc380f6a79a7cc9b363dd669c5e1ae7406
  MJRefresh: 6afc955813966afb08305477dd7a0d9ad5e79a16
  MMPopupView: fe1dd010824029dfb632fdf1a531db5dd5386020
  SDCycleScrollView: a0d74c3384caa72bdfc81470bdbc8c14b3e1fbcf
  SDWebImage: 0b2ba0d56479bf6a45ecddbfd5558bea93150d25
  TZImagePickerController: 679ae9fa11e189a9a81291ae96f0a4463be8edc1
  ViewDeck: 942d90dd23c9f97cc8038be352255378167edcca
  YBAttributeTextTapAction: b7e61f0265b5673e7ce7bad7319e8eff9e209a2b
  YYModel: 2a7fdd96aaa4b86a824e26d0c517de8928c04b30

PODFILE CHECKSUM: e91da2f8b9e4c2bda8698ac30dd60ca7c3d30270

COCOAPODS: 1.8.3
