PODS:
  - DateTools (2.0.0)
  - FDFullscreenPopGesture (1.1)
  - FFRouter (1.1.1)
  - IQKeyboardManager (6.5.6)
  - JXCategoryView (1.5.5)
  - JXPagingView/Pager (2.1.2)
  - Masonry (1.1.0)
  - MBProgressHUD (1.2.0)
  - MJRefresh (3.5.0)
  - MMPopupView (1.7.2):
    - Masonry
  - SCIndexView (2.2.4)
  - SDCycleScrollView (1.82):
    - SDWebImage (>= 5.0.0)
  - SDWebImage (5.9.5):
    - SDWebImage/Core (= 5.9.5)
  - SDWebImage/Core (5.9.5)
  - TZImagePickerController (3.7.1)
  - ViewDeck (3.1.0)
  - WZLSerializeKit (1.2.2)
  - YBAttributeTextTapAction (3.0.3)
  - YYModel (1.0.4)
  - zhPopupController (2.0.0)

DEPENDENCIES:
  - DateTools
  - FDFullscreenPopGesture
  - FFRouter
  - IQKeyboardManager
  - JXCategoryView
  - JXPagingView/Pager
  - Masonry
  - MBProgressHUD
  - MJRefresh
  - MMPopupView
  - SCIndexView
  - SDCycleScrollView (>= 1.82)
  - SDWebImage
  - TZImagePickerController
  - ViewDeck
  - WZLSerializeKit
  - YBAttributeTextTapAction
  - YYModel
  - zhPopupController (~> 2.0)

SPEC REPOS:
  trunk:
    - DateTools
    - FDFullscreenPopGesture
    - FFRouter
    - IQKeyboardManager
    - JXCategoryView
    - JXPagingView
    - Masonry
    - MBProgressHUD
    - MJRefresh
    - MMPopupView
    - SCIndexView
    - SDCycleScrollView
    - SDWebImage
    - TZImagePickerController
    - ViewDeck
    - WZLSerializeKit
    - YBAttributeTextTapAction
    - YYModel
    - zhPopupController

SPEC CHECKSUMS:
  DateTools: 933ac9c490f21f92127cf690ccd8c397e0126caf
  FDFullscreenPopGesture: a8a620179e3d9c40e8e00256dcee1c1a27c6d0f0
  FFRouter: dfda137b8f6817ca92dc9a1151727449548abfd3
  IQKeyboardManager: 2a6e97afdafc7becf0cb17a9a8d795e3a980717f
  JXCategoryView: 0293fcb356f10a5c2e679dac0a1a5f1899ee0c87
  JXPagingView: 90924b364a2ff7e94db534fad1fa50925ff69ee4
  Masonry: 678fab65091a9290e40e2832a55e7ab731aad201
  MBProgressHUD: 3ee5efcc380f6a79a7cc9b363dd669c5e1ae7406
  MJRefresh: 6afc955813966afb08305477dd7a0d9ad5e79a16
  MMPopupView: fe1dd010824029dfb632fdf1a531db5dd5386020
  SCIndexView: 20eba7a5ba1ffdf49a208031a82bf0549c0f9935
  SDCycleScrollView: a0d74c3384caa72bdfc81470bdbc8c14b3e1fbcf
  SDWebImage: 0b2ba0d56479bf6a45ecddbfd5558bea93150d25
  TZImagePickerController: fc8f18bcc44f264755465e781624a0a8f2229b31
  ViewDeck: 942d90dd23c9f97cc8038be352255378167edcca
  WZLSerializeKit: 7770a4a673bc80d7db3cf593f759663b4d745582
  YBAttributeTextTapAction: b7e61f0265b5673e7ce7bad7319e8eff9e209a2b
  YYModel: 2a7fdd96aaa4b86a824e26d0c517de8928c04b30
  zhPopupController: 600aee950c86442c5cca0b078d94c71fe0e1c51e

PODFILE CHECKSUM: f890f50924b1d74c8009b65f4abdcf85a3492fa3

COCOAPODS: 1.8.3
